// !$*UTF8*$!
{
	archiveVersion = 1;
	classes = {
	};
	objectVersion = 50;
	objects = {

/* Begin PBXBuildFile section */
		67CC660C6DC222E152C6F538 /* Pods_Todoey.framework in Frameworks */ = {isa = PBXBuildFile; fileRef = 818123262683F2DB6FF8BD7B /* Pods_Todoey.framework */; };
		68CAB0E620F54C540090CEF1 /* AppDelegate.swift in Sources */ = {isa = PBXBuildFile; fileRef = 68CAB0E520F54C540090CEF1 /* AppDelegate.swift */; };
		68CAB0E820F54C540090CEF1 /* TodoListViewController.swift in Sources */ = {isa = PBXBuildFile; fileRef = 68CAB0E720F54C540090CEF1 /* TodoListViewController.swift */; };
		68CAB0EB20F54C540090CEF1 /* Main.storyboard in Resources */ = {isa = PBXBuildFile; fileRef = 68CAB0E920F54C540090CEF1 /* Main.storyboard */; };
		68CAB0ED20F54C550090CEF1 /* Assets.xcassets in Resources */ = {isa = PBXBuildFile; fileRef = 68CAB0EC20F54C550090CEF1 /* Assets.xcassets */; };
		68CAB0F020F54C550090CEF1 /* LaunchScreen.storyboard in Resources */ = {isa = PBXBuildFile; fileRef = 68CAB0EE20F54C550090CEF1 /* LaunchScreen.storyboard */; };
		68CAB0FE20F571DC0090CEF1 /* Default-568h@2x.png in Resources */ = {isa = PBXBuildFile; fileRef = 68CAB0FD20F571DC0090CEF1 /* Default-568h@2x.png */; };
		68CAB12220F6334F0090CEF1 /* DataModel.xcdatamodeld in Sources */ = {isa = PBXBuildFile; fileRef = 68CAB12020F6334F0090CEF1 /* DataModel.xcdatamodeld */; };
		68CAB12620F79DD30090CEF1 /* CategoryViewController.swift in Sources */ = {isa = PBXBuildFile; fileRef = 68CAB12520F79DD30090CEF1 /* CategoryViewController.swift */; };
/* End PBXBuildFile section */

/* Begin PBXFileReference section */
		15C5AF8C211DBF07450076A2 /* Pods-Todoey.debug.xcconfig */ = {isa = PBXFileReference; includeInIndex = 1; lastKnownFileType = text.xcconfig; name = "Pods-Todoey.debug.xcconfig"; path = "Pods/Target Support Files/Pods-Todoey/Pods-Todoey.debug.xcconfig"; sourceTree = "<group>"; };
		30F300374060C7FC5E964799 /* Pods-Todoey.release.xcconfig */ = {isa = PBXFileReference; includeInIndex = 1; lastKnownFileType = text.xcconfig; name = "Pods-Todoey.release.xcconfig"; path = "Pods/Target Support Files/Pods-Todoey/Pods-Todoey.release.xcconfig"; sourceTree = "<group>"; };
		68CAB0E220F54C540090CEF1 /* Todoey.app */ = {isa = PBXFileReference; explicitFileType = wrapper.application; includeInIndex = 0; path = Todoey.app; sourceTree = BUILT_PRODUCTS_DIR; };
		68CAB0E520F54C540090CEF1 /* AppDelegate.swift */ = {isa = PBXFileReference; lastKnownFileType = sourcecode.swift; path = AppDelegate.swift; sourceTree = "<group>"; };
		68CAB0E720F54C540090CEF1 /* TodoListViewController.swift */ = {isa = PBXFileReference; lastKnownFileType = sourcecode.swift; path = TodoListViewController.swift; sourceTree = "<group>"; };
		68CAB0EA20F54C540090CEF1 /* Base */ = {isa = PBXFileReference; lastKnownFileType = file.storyboard; name = Base; path = Base.lproj/Main.storyboard; sourceTree = "<group>"; };
		68CAB0EC20F54C550090CEF1 /* Assets.xcassets */ = {isa = PBXFileReference; lastKnownFileType = folder.assetcatalog; path = Assets.xcassets; sourceTree = "<group>"; };
		68CAB0EF20F54C550090CEF1 /* Base */ = {isa = PBXFileReference; lastKnownFileType = file.storyboard; name = Base; path = Base.lproj/LaunchScreen.storyboard; sourceTree = "<group>"; };
		68CAB0F120F54C550090CEF1 /* Info.plist */ = {isa = PBXFileReference; lastKnownFileType = text.plist.xml; name = Info.plist; path = Todoey/Info.plist; sourceTree = "<group>"; };
		68CAB0FD20F571DC0090CEF1 /* Default-568h@2x.png */ = {isa = PBXFileReference; lastKnownFileType = image.png; path = "Default-568h@2x.png"; sourceTree = "<group>"; };
		68CAB12120F6334F0090CEF1 /* DataModel.xcdatamodel */ = {isa = PBXFileReference; lastKnownFileType = wrapper.xcdatamodel; path = DataModel.xcdatamodel; sourceTree = "<group>"; };
		68CAB12520F79DD30090CEF1 /* CategoryViewController.swift */ = {isa = PBXFileReference; lastKnownFileType = sourcecode.swift; path = CategoryViewController.swift; sourceTree = "<group>"; };
		818123262683F2DB6FF8BD7B /* Pods_Todoey.framework */ = {isa = PBXFileReference; explicitFileType = wrapper.framework; includeInIndex = 0; path = Pods_Todoey.framework; sourceTree = BUILT_PRODUCTS_DIR; };
/* End PBXFileReference section */

/* Begin PBXFrameworksBuildPhase section */
		68CAB0DF20F54C540090CEF1 /* Frameworks */ = {
			isa = PBXFrameworksBuildPhase;
			buildActionMask = 2147483647;
			files = (
				67CC660C6DC222E152C6F538 /* Pods_Todoey.framework in Frameworks */,
			);
			runOnlyForDeploymentPostprocessing = 0;
		};
/* End PBXFrameworksBuildPhase section */

/* Begin PBXGroup section */
		353E106E2D6DF1B1F2F6EA33 /* Pods */ = {
			isa = PBXGroup;
			children = (
				15C5AF8C211DBF07450076A2 /* Pods-Todoey.debug.xcconfig */,
				30F300374060C7FC5E964799 /* Pods-Todoey.release.xcconfig */,
			);
			name = Pods;
			sourceTree = "<group>";
		};
		68CAB0D920F54C540090CEF1 = {
			isa = PBXGroup;
			children = (
				68CAB0FD20F571DC0090CEF1 /* Default-568h@2x.png */,
				68CAB0F120F54C550090CEF1 /* Info.plist */,
				68CAB0E420F54C540090CEF1 /* Todoey */,
				68CAB0E320F54C540090CEF1 /* Products */,
				353E106E2D6DF1B1F2F6EA33 /* Pods */,
				F5AAFA3986E81AD512741F52 /* Frameworks */,
			);
			sourceTree = "<group>";
		};
		68CAB0E320F54C540090CEF1 /* Products */ = {
			isa = PBXGroup;
			children = (
				68CAB0E220F54C540090CEF1 /* Todoey.app */,
			);
			name = Products;
			sourceTree = "<group>";
		};
		68CAB0E420F54C540090CEF1 /* Todoey */ = {
			isa = PBXGroup;
			children = (
				68CAB0E520F54C540090CEF1 /* AppDelegate.swift */,
				68CAB0FA20F570900090CEF1 /* Controllers */,
				68CAB0FB20F5709B0090CEF1 /* Views */,
				68CAB0FC20F570A60090CEF1 /* Supporting Files */,
				68CAB0F920F570830090CEF1 /* Data Model */,
			);
			path = Todoey;
			sourceTree = "<group>";
		};
		68CAB0F920F570830090CEF1 /* Data Model */ = {
			isa = PBXGroup;
			children = (
				68CAB12020F6334F0090CEF1 /* DataModel.xcdatamodeld */,
			);
			path = "Data Model";
			sourceTree = "<group>";
		};
		68CAB0FA20F570900090CEF1 /* Controllers */ = {
			isa = PBXGroup;
			children = (
				68CAB12520F79DD30090CEF1 /* CategoryViewController.swift */,
				68CAB0E720F54C540090CEF1 /* TodoListViewController.swift */,
			);
			path = Controllers;
			sourceTree = "<group>";
		};
		68CAB0FB20F5709B0090CEF1 /* Views */ = {
			isa = PBXGroup;
			children = (
				68CAB0E920F54C540090CEF1 /* Main.storyboard */,
			);
			path = Views;
			sourceTree = "<group>";
		};
		68CAB0FC20F570A60090CEF1 /* Supporting Files */ = {
			isa = PBXGroup;
			children = (
				68CAB0EC20F54C550090CEF1 /* Assets.xcassets */,
				68CAB0EE20F54C550090CEF1 /* LaunchScreen.storyboard */,
			);
			path = "Supporting Files";
			sourceTree = "<group>";
		};
		F5AAFA3986E81AD512741F52 /* Frameworks */ = {
			isa = PBXGroup;
			children = (
				818123262683F2DB6FF8BD7B /* Pods_Todoey.framework */,
			);
			name = Frameworks;
			sourceTree = "<group>";
		};
/* End PBXGroup section */

/* Begin PBXNativeTarget section */
		68CAB0E120F54C540090CEF1 /* Todoey */ = {
			isa = PBXNativeTarget;
			buildConfigurationList = 68CAB0F420F54C550090CEF1 /* Build configuration list for PBXNativeTarget "Todoey" */;
			buildPhases = (
				2A49F662B999F719AF7056DF /* [CP] Check Pods Manifest.lock */,
				68CAB0DE20F54C540090CEF1 /* Sources */,
				68CAB0DF20F54C540090CEF1 /* Frameworks */,
				68CAB0E020F54C540090CEF1 /* Resources */,
				29527821CED6E3B380F3B44B /* [CP] Embed Pods Frameworks */,
			);
			buildRules = (
			);
			dependencies = (
			);
			name = Todoey;
			productName = Todoey;
			productReference = 68CAB0E220F54C540090CEF1 /* Todoey.app */;
			productType = "com.apple.product-type.application";
		};
/* End PBXNativeTarget section */

/* Begin PBXProject section */
		68CAB0DA20F54C540090CEF1 /* Project object */ = {
			isa = PBXProject;
			attributes = {
				LastSwiftUpdateCheck = 0940;
				LastUpgradeCheck = 0940;
				ORGANIZATIONNAME = Amtrak;
				TargetAttributes = {
					68CAB0E120F54C540090CEF1 = {
						CreatedOnToolsVersion = 9.4.1;
					};
				};
			};
			buildConfigurationList = 68CAB0DD20F54C540090CEF1 /* Build configuration list for PBXProject "Todoey" */;
			compatibilityVersion = "Xcode 9.3";
			developmentRegion = en;
			hasScannedForEncodings = 0;
			knownRegions = (
				en,
				Base,
			);
			mainGroup = 68CAB0D920F54C540090CEF1;
			productRefGroup = 68CAB0E320F54C540090CEF1 /* Products */;
			projectDirPath = "";
			projectRoot = "";
			targets = (
				68CAB0E120F54C540090CEF1 /* Todoey */,
			);
		};
/* End PBXProject section */

/* Begin PBXResourcesBuildPhase section */
		68CAB0E020F54C540090CEF1 /* Resources */ = {
			isa = PBXResourcesBuildPhase;
			buildActionMask = 2147483647;
			files = (
				68CAB0F020F54C550090CEF1 /* LaunchScreen.storyboard in Resources */,
				68CAB0FE20F571DC0090CEF1 /* Default-568h@2x.png in Resources */,
				68CAB0ED20F54C550090CEF1 /* Assets.xcassets in Resources */,
				68CAB0EB20F54C540090CEF1 /* Main.storyboard in Resources */,
			);
			runOnlyForDeploymentPostprocessing = 0;
		};
/* End PBXResourcesBuildPhase section */

/* Begin PBXShellScriptBuildPhase section */
		29527821CED6E3B380F3B44B /* [CP] Embed Pods Frameworks */ = {
			isa = PBXShellScriptBuildPhase;
			buildActionMask = 2147483647;
			files = (
			);
			inputPaths = (
				"${SRCROOT}/Pods/Target Support Files/Pods-Todoey/Pods-Todoey-frameworks.sh",
				"${BUILT_PRODUCTS_DIR}/Realm/Realm.framework",
				"${BUILT_PRODUCTS_DIR}/RealmSwift/RealmSwift.framework",
			);
			name = "[CP] Embed Pods Frameworks";
			outputPaths = (
				"${TARGET_BUILD_DIR}/${FRAMEWORKS_FOLDER_PATH}/Realm.framework",
				"${TARGET_BUILD_DIR}/${FRAMEWORKS_FOLDER_PATH}/RealmSwift.framework",
			);
			runOnlyForDeploymentPostprocessing = 0;
			shellPath = /bin/sh;
			shellScript = "\"${SRCROOT}/Pods/Target Support Files/Pods-Todoey/Pods-Todoey-frameworks.sh\"\n";
			showEnvVarsInLog = 0;
		};
		2A49F662B999F719AF7056DF /* [CP] Check Pods Manifest.lock */ = {
			isa = PBXShellScriptBuildPhase;
			buildActionMask = 2147483647;
			files = (
			);
			inputPaths = (
				"${PODS_PODFILE_DIR_PATH}/Podfile.lock",
				"${PODS_ROOT}/Manifest.lock",
			);
			name = "[CP] Check Pods Manifest.lock";
			outputPaths = (
				"$(DERIVED_FILE_DIR)/Pods-Todoey-checkManifestLockResult.txt",
			);
			runOnlyForDeploymentPostprocessing = 0;
			shellPath = /bin/sh;
			shellScript = "diff \"${PODS_PODFILE_DIR_PATH}/Podfile.lock\" \"${PODS_ROOT}/Manifest.lock\" > /dev/null\nif [ $? != 0 ] ; then\n    # print error to STDERR\n    echo \"error: The sandbox is not in sync with the Podfile.lock. Run 'pod install' or update your CocoaPods installation.\" >&2\n    exit 1\nfi\n# This output is used by Xcode 'outputs' to avoid re-running this script phase.\necho \"SUCCESS\" > \"${SCRIPT_OUTPUT_FILE_0}\"\n";
			showEnvVarsInLog = 0;
		};
/* End PBXShellScriptBuildPhase section */

/* Begin PBXSourcesBuildPhase section */
		68CAB0DE20F54C540090CEF1 /* Sources */ = {
			isa = PBXSourcesBuildPhase;
			buildActionMask = 2147483647;
			files = (
				68CAB12620F79DD30090CEF1 /* CategoryViewController.swift in Sources */,
				68CAB0E820F54C540090CEF1 /* TodoListViewController.swift in Sources */,
				68CAB12220F6334F0090CEF1 /* DataModel.xcdatamodeld in Sources */,
				68CAB0E620F54C540090CEF1 /* AppDelegate.swift in Sources */,
			);
			runOnlyForDeploymentPostprocessing = 0;
		};
/* End PBXSourcesBuildPhase section */

/* Begin PBXVariantGroup section */
		68CAB0E920F54C540090CEF1 /* Main.storyboard */ = {
			isa = PBXVariantGroup;
			children = (
				68CAB0EA20F54C540090CEF1 /* Base */,
			);
			name = Main.storyboard;
			sourceTree = "<group>";
		};
		68CAB0EE20F54C550090CEF1 /* LaunchScreen.storyboard */ = {
			isa = PBXVariantGroup;
			children = (
				68CAB0EF20F54C550090CEF1 /* Base */,
			);
			name = LaunchScreen.storyboard;
			sourceTree = "<group>";
		};
/* End PBXVariantGroup section */

/* Begin XCBuildConfiguration section */
		68CAB0F220F54C550090CEF1 /* Debug */ = {
			isa = XCBuildConfiguration;
			buildSettings = {
				ALWAYS_SEARCH_USER_PATHS = NO;
				CLANG_ANALYZER_NONNULL = YES;
				CLANG_ANALYZER_NUMBER_OBJECT_CONVERSION = YES_AGGRESSIVE;
				CLANG_CXX_LANGUAGE_STANDARD = "gnu++14";
				CLANG_CXX_LIBRARY = "libc++";
				CLANG_ENABLE_MODULES = YES;
				CLANG_ENABLE_OBJC_ARC = YES;
				CLANG_ENABLE_OBJC_WEAK = YES;
				CLANG_WARN_BLOCK_CAPTURE_AUTORELEASING = YES;
				CLANG_WARN_BOOL_CONVERSION = YES;
				CLANG_WARN_COMMA = YES;
				CLANG_WARN_CONSTANT_CONVERSION = YES;
				CLANG_WARN_DEPRECATED_OBJC_IMPLEMENTATIONS = YES;
				CLANG_WARN_DIRECT_OBJC_ISA_USAGE = YES_ERROR;
				CLANG_WARN_DOCUMENTATION_COMMENTS = YES;
				CLANG_WARN_EMPTY_BODY = YES;
				CLANG_WARN_ENUM_CONVERSION = YES;
				CLANG_WARN_INFINITE_RECURSION = YES;
				CLANG_WARN_INT_CONVERSION = YES;
				CLANG_WARN_NON_LITERAL_NULL_CONVERSION = YES;
				CLANG_WARN_OBJC_IMPLICIT_RETAIN_SELF = YES;
				CLANG_WARN_OBJC_LITERAL_CONVERSION = YES;
				CLANG_WARN_OBJC_ROOT_CLASS = YES_ERROR;
				CLANG_WARN_RANGE_LOOP_ANALYSIS = YES;
				CLANG_WARN_STRICT_PROTOTYPES = YES;
				CLANG_WARN_SUSPICIOUS_MOVE = YES;
				CLANG_WARN_UNGUARDED_AVAILABILITY = YES_AGGRESSIVE;
				CLANG_WARN_UNREACHABLE_CODE = YES;
				CLANG_WARN__DUPLICATE_METHOD_MATCH = YES;
				CODE_SIGN_IDENTITY = "iPhone Developer";
				COPY_PHASE_STRIP = NO;
				DEBUG_INFORMATION_FORMAT = dwarf;
				ENABLE_STRICT_OBJC_MSGSEND = YES;
				ENABLE_TESTABILITY = YES;
				GCC_C_LANGUAGE_STANDARD = gnu11;
				GCC_DYNAMIC_NO_PIC = NO;
				GCC_NO_COMMON_BLOCKS = YES;
				GCC_OPTIMIZATION_LEVEL = 0;
				GCC_PREPROCESSOR_DEFINITIONS = (
					"DEBUG=1",
					"$(inherited)",
				);
				GCC_WARN_64_TO_32_BIT_CONVERSION = YES;
				GCC_WARN_ABOUT_RETURN_TYPE = YES_ERROR;
				GCC_WARN_UNDECLARED_SELECTOR = YES;
				GCC_WARN_UNINITIALIZED_AUTOS = YES_AGGRESSIVE;
				GCC_WARN_UNUSED_FUNCTION = YES;
				GCC_WARN_UNUSED_VARIABLE = YES;
				IPHONEOS_DEPLOYMENT_TARGET = 11.4;
				MTL_ENABLE_DEBUG_INFO = YES;
				ONLY_ACTIVE_ARCH = YES;
				SDKROOT = iphoneos;
				SWIFT_ACTIVE_COMPILATION_CONDITIONS = DEBUG;
				SWIFT_OPTIMIZATION_LEVEL = "-Onone";
			};
			name = Debug;
		};
		68CAB0F320F54C550090CEF1 /* Release */ = {
			isa = XCBuildConfiguration;
			buildSettings = {
				ALWAYS_SEARCH_USER_PATHS = NO;
				CLANG_ANALYZER_NONNULL = YES;
				CLANG_ANALYZER_NUMBER_OBJECT_CONVERSION = YES_AGGRESSIVE;
				CLANG_CXX_LANGUAGE_STANDARD = "gnu++14";
				CLANG_CXX_LIBRARY = "libc++";
				CLANG_ENABLE_MODULES = YES;
				CLANG_ENABLE_OBJC_ARC = YES;
				CLANG_ENABLE_OBJC_WEAK = YES;
				CLANG_WARN_BLOCK_CAPTURE_AUTORELEASING = YES;
				CLANG_WARN_BOOL_CONVERSION = YES;
				CLANG_WARN_COMMA = YES;
				CLANG_WARN_CONSTANT_CONVERSION = YES;
				CLANG_WARN_DEPRECATED_OBJC_IMPLEMENTATIONS = YES;
				CLANG_WARN_DIRECT_OBJC_ISA_USAGE = YES_ERROR;
				CLANG_WARN_DOCUMENTATION_COMMENTS = YES;
				CLANG_WARN_EMPTY_BODY = YES;
				CLANG_WARN_ENUM_CONVERSION = YES;
				CLANG_WARN_INFINITE_RECURSION = YES;
				CLANG_WARN_INT_CONVERSION = YES;
				CLANG_WARN_NON_LITERAL_NULL_CONVERSION = YES;
				CLANG_WARN_OBJC_IMPLICIT_RETAIN_SELF = YES;
				CLANG_WARN_OBJC_LITERAL_CONVERSION = YES;
				CLANG_WARN_OBJC_ROOT_CLASS = YES_ERROR;
				CLANG_WARN_RANGE_LOOP_ANALYSIS = YES;
				CLANG_WARN_STRICT_PROTOTYPES = YES;
				CLANG_WARN_SUSPICIOUS_MOVE = YES;
				CLANG_WARN_UNGUARDED_AVAILABILITY = YES_AGGRESSIVE;
				CLANG_WARN_UNREACHABLE_CODE = YES;
				CLANG_WARN__DUPLICATE_METHOD_MATCH = YES;
				CODE_SIGN_IDENTITY = "iPhone Developer";
				COPY_PHASE_STRIP = NO;
				DEBUG_INFORMATION_FORMAT = "dwarf-with-dsym";
				ENABLE_NS_ASSERTIONS = NO;
				ENABLE_STRICT_OBJC_MSGSEND = YES;
				GCC_C_LANGUAGE_STANDARD = gnu11;
				GCC_NO_COMMON_BLOCKS = YES;
				GCC_WARN_64_TO_32_BIT_CONVERSION = YES;
				GCC_WARN_ABOUT_RETURN_TYPE = YES_ERROR;
				GCC_WARN_UNDECLARED_SELECTOR = YES;
				GCC_WARN_UNINITIALIZED_AUTOS = YES_AGGRESSIVE;
				GCC_WARN_UNUSED_FUNCTION = YES;
				GCC_WARN_UNUSED_VARIABLE = YES;
				IPHONEOS_DEPLOYMENT_TARGET = 11.4;
				MTL_ENABLE_DEBUG_INFO = NO;
				SDKROOT = iphoneos;
				SWIFT_COMPILATION_MODE = wholemodule;
				SWIFT_OPTIMIZATION_LEVEL = "-O";
				VALIDATE_PRODUCT = YES;
			};
			name = Release;
		};
		68CAB0F520F54C550090CEF1 /* Debug */ = {
			isa = XCBuildConfiguration;
			baseConfigurationReference = 15C5AF8C211DBF07450076A2 /* Pods-Todoey.debug.xcconfig */;
			buildSettings = {
				ASSETCATALOG_COMPILER_APPICON_NAME = AppIcon;
				CODE_SIGN_STYLE = Automatic;
				DEVELOPMENT_TEAM = BYUWQYSP9F;
				INFOPLIST_FILE = Todoey/Info.plist;
				LD_RUNPATH_SEARCH_PATHS = (
					"$(inherited)",
					"@executable_path/Frameworks",
				);
				PRODUCT_BUNDLE_IDENTIFIER = com.MiladHP.Todoey;
				PRODUCT_NAME = "$(TARGET_NAME)";
				SWIFT_VERSION = 4.0;
				TARGETED_DEVICE_FAMILY = "1,2";
			};
			name = Debug;
		};
		68CAB0F620F54C550090CEF1 /* Release */ = {
			isa = XCBuildConfiguration;
			baseConfigurationReference = 30F300374060C7FC5E964799 /* Pods-Todoey.release.xcconfig */;
			buildSettings = {
				ASSETCATALOG_COMPILER_APPICON_NAME = AppIcon;
				CODE_SIGN_STYLE = Automatic;
				DEVELOPMENT_TEAM = BYUWQYSP9F;
				INFOPLIST_FILE = Todoey/Info.plist;
				LD_RUNPATH_SEARCH_PATHS = (
					"$(inherited)",
					"@executable_path/Frameworks",
				);
				PRODUCT_BUNDLE_IDENTIFIER = com.MiladHP.Todoey;
				PRODUCT_NAME = "$(TARGET_NAME)";
				SWIFT_VERSION = 4.0;
				TARGETED_DEVICE_FAMILY = "1,2";
			};
			name = Release;
		};
/* End XCBuildConfiguration section */

/* Begin XCConfigurationList section */
		68CAB0DD20F54C540090CEF1 /* Build configuration list for PBXProject "Todoey" */ = {
			isa = XCConfigurationList;
			buildConfigurations = (
				68CAB0F220F54C550090CEF1 /* Debug */,
				68CAB0F320F54C550090CEF1 /* Release */,
			);
			defaultConfigurationIsVisible = 0;
			defaultConfigurationName = Release;
		};
		68CAB0F420F54C550090CEF1 /* Build configuration list for PBXNativeTarget "Todoey" */ = {
			isa = XCConfigurationList;
			buildConfigurations = (
				68CAB0F520F54C550090CEF1 /* Debug */,
				68CAB0F620F54C550090CEF1 /* Release */,
			);
			defaultConfigurationIsVisible = 0;
			defaultConfigurationName = Release;
		};
/* End XCConfigurationList section */

/* Begin XCVersionGroup section */
		68CAB12020F6334F0090CEF1 /* DataModel.xcdatamodeld */ = {
			isa = XCVersionGroup;
			children = (
				68CAB12120F6334F0090CEF1 /* DataModel.xcdatamodel */,
			);
			currentVersion = 68CAB12120F6334F0090CEF1 /* DataModel.xcdatamodel */;
			path = DataModel.xcdatamodeld;
			sourceTree = "<group>";
			versionGroupType = wrapper.xcdatamodel;
		};
/* End XCVersionGroup section */
	};
	rootObject = 68CAB0DA20F54C540090CEF1 /* Project object */;
}
